// !$*UTF8*$!
{
	archiveVersion = 1;
	classes = {
	};
	objectVersion = 50;
	objects = {

/* Begin PBXBuildFile section */
		D6EFEE3E26D4553D0029ADDD /* AppDelegate.swift in Sources */ = {isa = PBXBuildFile; fileRef = D6EFEE3D26D4553D0029ADDD /* AppDelegate.swift */; };
		D6EFEE4026D4553D0029ADDD /* SceneDelegate.swift in Sources */ = {isa = PBXBuildFile; fileRef = D6EFEE3F26D4553D0029ADDD /* SceneDelegate.swift */; };
		D6EFEE4226D4553D0029ADDD /* ViewController.swift in Sources */ = {isa = PBXBuildFile; fileRef = D6EFEE4126D4553D0029ADDD /* ViewController.swift */; };
		D6EFEE4526D4553D0029ADDD /* Main.storyboard in Resources */ = {isa = PBXBuildFile; fileRef = D6EFEE4326D4553D0029ADDD /* Main.storyboard */; };
		D6EFEE4726D4553F0029ADDD /* Assets.xcassets in Resources */ = {isa = PBXBuildFile; fileRef = D6EFEE4626D4553F0029ADDD /* Assets.xcassets */; };
		D6EFEE4A26D4553F0029ADDD /* LaunchScreen.storyboard in Resources */ = {isa = PBXBuildFile; fileRef = D6EFEE4826D4553F0029ADDD /* LaunchScreen.storyboard */; };
		D6EFEE5526D4553F0029ADDD /* Tip_CalculatorTests.swift in Sources */ = {isa = PBXBuildFile; fileRef = D6EFEE5426D4553F0029ADDD /* Tip_CalculatorTests.swift */; };
		D6EFEE6026D4553F0029ADDD /* Tip_CalculatorUITests.swift in Sources */ = {isa = PBXBuildFile; fileRef = D6EFEE5F26D4553F0029ADDD /* Tip_CalculatorUITests.swift */; };
/* End PBXBuildFile section */

/* Begin PBXContainerItemProxy section */
		D6EFEE5126D4553F0029ADDD /* PBXContainerItemProxy */ = {
			isa = PBXContainerItemProxy;
			containerPortal = D6EFEE3226D4553D0029ADDD /* Project object */;
			proxyType = 1;
			remoteGlobalIDString = D6EFEE3926D4553D0029ADDD;
			remoteInfo = "Tip Calculator";
		};
		D6EFEE5C26D4553F0029ADDD /* PBXContainerItemProxy */ = {
			isa = PBXContainerItemProxy;
			containerPortal = D6EFEE3226D4553D0029ADDD /* Project object */;
			proxyType = 1;
			remoteGlobalIDString = D6EFEE3926D4553D0029ADDD;
			remoteInfo = "Tip Calculator";
		};
/* End PBXContainerItemProxy section */

/* Begin PBXFileReference section */
		D6EFEE3A26D4553D0029ADDD /* Tip Calculator.app */ = {isa = PBXFileReference; explicitFileType = wrapper.application; includeInIndex = 0; path = "Tip Calculator.app"; sourceTree = BUILT_PRODUCTS_DIR; };
		D6EFEE3D26D4553D0029ADDD /* AppDelegate.swift */ = {isa = PBXFileReference; lastKnownFileType = sourcecode.swift; path = AppDelegate.swift; sourceTree = "<group>"; };
		D6EFEE3F26D4553D0029ADDD /* SceneDelegate.swift */ = {isa = PBXFileReference; lastKnownFileType = sourcecode.swift; path = SceneDelegate.swift; sourceTree = "<group>"; };
		D6EFEE4126D4553D0029ADDD /* ViewController.swift */ = {isa = PBXFileReference; lastKnownFileType = sourcecode.swift; path = ViewController.swift; sourceTree = "<group>"; };
		D6EFEE4426D4553D0029ADDD /* Base */ = {isa = PBXFileReference; lastKnownFileType = file.storyboard; name = Base; path = Base.lproj/Main.storyboard; sourceTree = "<group>"; };
		D6EFEE4626D4553F0029ADDD /* Assets.xcassets */ = {isa = PBXFileReference; lastKnownFileType = folder.assetcatalog; path = Assets.xcassets; sourceTree = "<group>"; };
		D6EFEE4926D4553F0029ADDD /* Base */ = {isa = PBXFileReference; lastKnownFileType = file.storyboard; name = Base; path = Base.lproj/LaunchScreen.storyboard; sourceTree = "<group>"; };
		D6EFEE4B26D4553F0029ADDD /* Info.plist */ = {isa = PBXFileReference; lastKnownFileType = text.plist.xml; path = Info.plist; sourceTree = "<group>"; };
		D6EFEE5026D4553F0029ADDD /* Tip CalculatorTests.xctest */ = {isa = PBXFileReference; explicitFileType = wrapper.cfbundle; includeInIndex = 0; path = "Tip CalculatorTests.xctest"; sourceTree = BUILT_PRODUCTS_DIR; };
		D6EFEE5426D4553F0029ADDD /* Tip_CalculatorTests.swift */ = {isa = PBXFileReference; lastKnownFileType = sourcecode.swift; path = Tip_CalculatorTests.swift; sourceTree = "<group>"; };
		D6EFEE5626D4553F0029ADDD /* Info.plist */ = {isa = PBXFileReference; lastKnownFileType = text.plist.xml; path = Info.plist; sourceTree = "<group>"; };
		D6EFEE5B26D4553F0029ADDD /* Tip CalculatorUITests.xctest */ = {isa = PBXFileReference; explicitFileType = wrapper.cfbundle; includeInIndex = 0; path = "Tip CalculatorUITests.xctest"; sourceTree = BUILT_PRODUCTS_DIR; };
		D6EFEE5F26D4553F0029ADDD /* Tip_CalculatorUITests.swift */ = {isa = PBXFileReference; lastKnownFileType = sourcecode.swift; path = Tip_CalculatorUITests.swift; sourceTree = "<group>"; };
		D6EFEE6126D4553F0029ADDD /* Info.plist */ = {isa = PBXFileReference; lastKnownFileType = text.plist.xml; path = Info.plist; sourceTree = "<group>"; };
/* End PBXFileReference section */

/* Begin PBXFrameworksBuildPhase section */
		D6EFEE3726D4553D0029ADDD /* Frameworks */ = {
			isa = PBXFrameworksBuildPhase;
			buildActionMask = 2147483647;
			files = (
			);
			runOnlyForDeploymentPostprocessing = 0;
		};
		D6EFEE4D26D4553F0029ADDD /* Frameworks */ = {
			isa = PBXFrameworksBuildPhase;
			buildActionMask = 2147483647;
			files = (
			);
			runOnlyForDeploymentPostprocessing = 0;
		};
		D6EFEE5826D4553F0029ADDD /* Frameworks */ = {
			isa = PBXFrameworksBuildPhase;
			buildActionMask = 2147483647;
			files = (
			);
			runOnlyForDeploymentPostprocessing = 0;
		};
/* End PBXFrameworksBuildPhase section */

/* Begin PBXGroup section */
		D6EFEE3126D4553D0029ADDD = {
			isa = PBXGroup;
			children = (
				D6EFEE3C26D4553D0029ADDD /* Tip Calculator */,
				D6EFEE5326D4553F0029ADDD /* Tip CalculatorTests */,
				D6EFEE5E26D4553F0029ADDD /* Tip CalculatorUITests */,
				D6EFEE3B26D4553D0029ADDD /* Products */,
			);
			sourceTree = "<group>";
		};
		D6EFEE3B26D4553D0029ADDD /* Products */ = {
			isa = PBXGroup;
			children = (
				D6EFEE3A26D4553D0029ADDD /* Tip Calculator.app */,
				D6EFEE5026D4553F0029ADDD /* Tip CalculatorTests.xctest */,
				D6EFEE5B26D4553F0029ADDD /* Tip CalculatorUITests.xctest */,
			);
			name = Products;
			sourceTree = "<group>";
		};
		D6EFEE3C26D4553D0029ADDD /* Tip Calculator */ = {
			isa = PBXGroup;
			children = (
				D6EFEE3D26D4553D0029ADDD /* AppDelegate.swift */,
				D6EFEE3F26D4553D0029ADDD /* SceneDelegate.swift */,
				D6EFEE4126D4553D0029ADDD /* ViewController.swift */,
				D6EFEE4326D4553D0029ADDD /* Main.storyboard */,
				D6EFEE4626D4553F0029ADDD /* Assets.xcassets */,
				D6EFEE4826D4553F0029ADDD /* LaunchScreen.storyboard */,
				D6EFEE4B26D4553F0029ADDD /* Info.plist */,
			);
			path = "Tip Calculator";
			sourceTree = "<group>";
		};
		D6EFEE5326D4553F0029ADDD /* Tip CalculatorTests */ = {
			isa = PBXGroup;
			children = (
				D6EFEE5426D4553F0029ADDD /* Tip_CalculatorTests.swift */,
				D6EFEE5626D4553F0029ADDD /* Info.plist */,
			);
			path = "Tip CalculatorTests";
			sourceTree = "<group>";
		};
		D6EFEE5E26D4553F0029ADDD /* Tip CalculatorUITests */ = {
			isa = PBXGroup;
			children = (
				D6EFEE5F26D4553F0029ADDD /* Tip_CalculatorUITests.swift */,
				D6EFEE6126D4553F0029ADDD /* Info.plist */,
			);
			path = "Tip CalculatorUITests";
			sourceTree = "<group>";
		};
/* End PBXGroup section */

/* Begin PBXNativeTarget section */
		D6EFEE3926D4553D0029ADDD /* Tip Calculator */ = {
			isa = PBXNativeTarget;
			buildConfigurationList = D6EFEE6426D4553F0029ADDD /* Build configuration list for PBXNativeTarget "Tip Calculator" */;
			buildPhases = (
				D6EFEE3626D4553D0029ADDD /* Sources */,
				D6EFEE3726D4553D0029ADDD /* Frameworks */,
				D6EFEE3826D4553D0029ADDD /* Resources */,
			);
			buildRules = (
			);
			dependencies = (
			);
			name = "Tip Calculator";
			productName = "Tip Calculator";
			productReference = D6EFEE3A26D4553D0029ADDD /* Tip Calculator.app */;
			productType = "com.apple.product-type.application";
		};
		D6EFEE4F26D4553F0029ADDD /* Tip CalculatorTests */ = {
			isa = PBXNativeTarget;
			buildConfigurationList = D6EFEE6726D4553F0029ADDD /* Build configuration list for PBXNativeTarget "Tip CalculatorTests" */;
			buildPhases = (
				D6EFEE4C26D4553F0029ADDD /* Sources */,
				D6EFEE4D26D4553F0029ADDD /* Frameworks */,
				D6EFEE4E26D4553F0029ADDD /* Resources */,
			);
			buildRules = (
			);
			dependencies = (
				D6EFEE5226D4553F0029ADDD /* PBXTargetDependency */,
			);
			name = "Tip CalculatorTests";
			productName = "Tip CalculatorTests";
			productReference = D6EFEE5026D4553F0029ADDD /* Tip CalculatorTests.xctest */;
			productType = "com.apple.product-type.bundle.unit-test";
		};
		D6EFEE5A26D4553F0029ADDD /* Tip CalculatorUITests */ = {
			isa = PBXNativeTarget;
			buildConfigurationList = D6EFEE6A26D4553F0029ADDD /* Build configuration list for PBXNativeTarget "Tip CalculatorUITests" */;
			buildPhases = (
				D6EFEE5726D4553F0029ADDD /* Sources */,
				D6EFEE5826D4553F0029ADDD /* Frameworks */,
				D6EFEE5926D4553F0029ADDD /* Resources */,
			);
			buildRules = (
			);
			dependencies = (
				D6EFEE5D26D4553F0029ADDD /* PBXTargetDependency */,
			);
			name = "Tip CalculatorUITests";
			productName = "Tip CalculatorUITests";
			productReference = D6EFEE5B26D4553F0029ADDD /* Tip CalculatorUITests.xctest */;
			productType = "com.apple.product-type.bundle.ui-testing";
		};
/* End PBXNativeTarget section */

/* Begin PBXProject section */
		D6EFEE3226D4553D0029ADDD /* Project object */ = {
			isa = PBXProject;
			attributes = {
				LastSwiftUpdateCheck = 1250;
				LastUpgradeCheck = 1250;
				TargetAttributes = {
					D6EFEE3926D4553D0029ADDD = {
						CreatedOnToolsVersion = 12.5.1;
					};
					D6EFEE4F26D4553F0029ADDD = {
						CreatedOnToolsVersion = 12.5.1;
						TestTargetID = D6EFEE3926D4553D0029ADDD;
					};
					D6EFEE5A26D4553F0029ADDD = {
						CreatedOnToolsVersion = 12.5.1;
						TestTargetID = D6EFEE3926D4553D0029ADDD;
					};
				};
			};
			buildConfigurationList = D6EFEE3526D4553D0029ADDD /* Build configuration list for PBXProject "Tip Calculator" */;
			compatibilityVersion = "Xcode 9.3";
			developmentRegion = en;
			hasScannedForEncodings = 0;
			knownRegions = (
				en,
				Base,
			);
			mainGroup = D6EFEE3126D4553D0029ADDD;
			productRefGroup = D6EFEE3B26D4553D0029ADDD /* Products */;
			projectDirPath = "";
			projectRoot = "";
			targets = (
				D6EFEE3926D4553D0029ADDD /* Tip Calculator */,
				D6EFEE4F26D4553F0029ADDD /* Tip CalculatorTests */,
				D6EFEE5A26D4553F0029ADDD /* Tip CalculatorUITests */,
			);
		};
/* End PBXProject section */

/* Begin PBXResourcesBuildPhase section */
		D6EFEE3826D4553D0029ADDD /* Resources */ = {
			isa = PBXResourcesBuildPhase;
			buildActionMask = 2147483647;
			files = (
				D6EFEE4A26D4553F0029ADDD /* LaunchScreen.storyboard in Resources */,
				D6EFEE4726D4553F0029ADDD /* Assets.xcassets in Resources */,
				D6EFEE4526D4553D0029ADDD /* Main.storyboard in Resources */,
			);
			runOnlyForDeploymentPostprocessing = 0;
		};
		D6EFEE4E26D4553F0029ADDD /* Resources */ = {
			isa = PBXResourcesBuildPhase;
			buildActionMask = 2147483647;
			files = (
			);
			runOnlyForDeploymentPostprocessing = 0;
		};
		D6EFEE5926D4553F0029ADDD /* Resources */ = {
			isa = PBXResourcesBuildPhase;
			buildActionMask = 2147483647;
			files = (
			);
			runOnlyForDeploymentPostprocessing = 0;
		};
/* End PBXResourcesBuildPhase section */

/* Begin PBXSourcesBuildPhase section */
		D6EFEE3626D4553D0029ADDD /* Sources */ = {
			isa = PBXSourcesBuildPhase;
			buildActionMask = 2147483647;
			files = (
				D6EFEE4226D4553D0029ADDD /* ViewController.swift in Sources */,
				D6EFEE3E26D4553D0029ADDD /* AppDelegate.swift in Sources */,
				D6EFEE4026D4553D0029ADDD /* SceneDelegate.swift in Sources */,
			);
			runOnlyForDeploymentPostprocessing = 0;
		};
		D6EFEE4C26D4553F0029ADDD /* Sources */ = {
			isa = PBXSourcesBuildPhase;
			buildActionMask = 2147483647;
			files = (
				D6EFEE5526D4553F0029ADDD /* Tip_CalculatorTests.swift in Sources */,
			);
			runOnlyForDeploymentPostprocessing = 0;
		};
		D6EFEE5726D4553F0029ADDD /* Sources */ = {
			isa = PBXSourcesBuildPhase;
			buildActionMask = 2147483647;
			files = (
				D6EFEE6026D4553F0029ADDD /* Tip_CalculatorUITests.swift in Sources */,
			);
			runOnlyForDeploymentPostprocessing = 0;
		};
/* End PBXSourcesBuildPhase section */

/* Begin PBXTargetDependency section */
		D6EFEE5226D4553F0029ADDD /* PBXTargetDependency */ = {
			isa = PBXTargetDependency;
			target = D6EFEE3926D4553D0029ADDD /* Tip Calculator */;
			targetProxy = D6EFEE5126D4553F0029ADDD /* PBXContainerItemProxy */;
		};
		D6EFEE5D26D4553F0029ADDD /* PBXTargetDependency */ = {
			isa = PBXTargetDependency;
			target = D6EFEE3926D4553D0029ADDD /* Tip Calculator */;
			targetProxy = D6EFEE5C26D4553F0029ADDD /* PBXContainerItemProxy */;
		};
/* End PBXTargetDependency section */

/* Begin PBXVariantGroup section */
		D6EFEE4326D4553D0029ADDD /* Main.storyboard */ = {
			isa = PBXVariantGroup;
			children = (
				D6EFEE4426D4553D0029ADDD /* Base */,
			);
			name = Main.storyboard;
			sourceTree = "<group>";
		};
		D6EFEE4826D4553F0029ADDD /* LaunchScreen.storyboard */ = {
			isa = PBXVariantGroup;
			children = (
				D6EFEE4926D4553F0029ADDD /* Base */,
			);
			name = LaunchScreen.storyboard;
			sourceTree = "<group>";
		};
/* End PBXVariantGroup section */

/* Begin XCBuildConfiguration section */
		D6EFEE6226D4553F0029ADDD /* Debug */ = {
			isa = XCBuildConfiguration;
			buildSettings = {
				ALWAYS_SEARCH_USER_PATHS = NO;
				CLANG_ANALYZER_NONNULL = YES;
				CLANG_ANALYZER_NUMBER_OBJECT_CONVERSION = YES_AGGRESSIVE;
				CLANG_CXX_LANGUAGE_STANDARD = "gnu++14";
				CLANG_CXX_LIBRARY = "libc++";
				CLANG_ENABLE_MODULES = YES;
				CLANG_ENABLE_OBJC_ARC = YES;
				CLANG_ENABLE_OBJC_WEAK = YES;
				CLANG_WARN_BLOCK_CAPTURE_AUTORELEASING = YES;
				CLANG_WARN_BOOL_CONVERSION = YES;
				CLANG_WARN_COMMA = YES;
				CLANG_WARN_CONSTANT_CONVERSION = YES;
				CLANG_WARN_DEPRECATED_OBJC_IMPLEMENTATIONS = YES;
				CLANG_WARN_DIRECT_OBJC_ISA_USAGE = YES_ERROR;
				CLANG_WARN_DOCUMENTATION_COMMENTS = YES;
				CLANG_WARN_EMPTY_BODY = YES;
				CLANG_WARN_ENUM_CONVERSION = YES;
				CLANG_WARN_INFINITE_RECURSION = YES;
				CLANG_WARN_INT_CONVERSION = YES;
				CLANG_WARN_NON_LITERAL_NULL_CONVERSION = YES;
				CLANG_WARN_OBJC_IMPLICIT_RETAIN_SELF = YES;
				CLANG_WARN_OBJC_LITERAL_CONVERSION = YES;
				CLANG_WARN_OBJC_ROOT_CLASS = YES_ERROR;
				CLANG_WARN_QUOTED_INCLUDE_IN_FRAMEWORK_HEADER = YES;
				CLANG_WARN_RANGE_LOOP_ANALYSIS = YES;
				CLANG_WARN_STRICT_PROTOTYPES = YES;
				CLANG_WARN_SUSPICIOUS_MOVE = YES;
				CLANG_WARN_UNGUARDED_AVAILABILITY = YES_AGGRESSIVE;
				CLANG_WARN_UNREACHABLE_CODE = YES;
				CLANG_WARN__DUPLICATE_METHOD_MATCH = YES;
				COPY_PHASE_STRIP = NO;
				DEBUG_INFORMATION_FORMAT = dwarf;
				ENABLE_STRICT_OBJC_MSGSEND = YES;
				ENABLE_TESTABILITY = YES;
				GCC_C_LANGUAGE_STANDARD = gnu11;
				GCC_DYNAMIC_NO_PIC = NO;
				GCC_NO_COMMON_BLOCKS = YES;
				GCC_OPTIMIZATION_LEVEL = 0;
				GCC_PREPROCESSOR_DEFINITIONS = (
					"DEBUG=1",
					"$(inherited)",
				);
				GCC_WARN_64_TO_32_BIT_CONVERSION = YES;
				GCC_WARN_ABOUT_RETURN_TYPE = YES_ERROR;
				GCC_WARN_UNDECLARED_SELECTOR = YES;
				GCC_WARN_UNINITIALIZED_AUTOS = YES_AGGRESSIVE;
				GCC_WARN_UNUSED_FUNCTION = YES;
				GCC_WARN_UNUSED_VARIABLE = YES;
				IPHONEOS_DEPLOYMENT_TARGET = 14.5;
				MTL_ENABLE_DEBUG_INFO = INCLUDE_SOURCE;
				MTL_FAST_MATH = YES;
				ONLY_ACTIVE_ARCH = YES;
				SDKROOT = iphoneos;
				SWIFT_ACTIVE_COMPILATION_CONDITIONS = DEBUG;
				SWIFT_OPTIMIZATION_LEVEL = "-Onone";
			};
			name = Debug;
		};
		D6EFEE6326D4553F0029ADDD /* Release */ = {
			isa = XCBuildConfiguration;
			buildSettings = {
				ALWAYS_SEARCH_USER_PATHS = NO;
				CLANG_ANALYZER_NONNULL = YES;
				CLANG_ANALYZER_NUMBER_OBJECT_CONVERSION = YES_AGGRESSIVE;
				CLANG_CXX_LANGUAGE_STANDARD = "gnu++14";
				CLANG_CXX_LIBRARY = "libc++";
				CLANG_ENABLE_MODULES = YES;
				CLANG_ENABLE_OBJC_ARC = YES;
				CLANG_ENABLE_OBJC_WEAK = YES;
				CLANG_WARN_BLOCK_CAPTURE_AUTORELEASING = YES;
				CLANG_WARN_BOOL_CONVERSION = YES;
				CLANG_WARN_COMMA = YES;
				CLANG_WARN_CONSTANT_CONVERSION = YES;
				CLANG_WARN_DEPRECATED_OBJC_IMPLEMENTATIONS = YES;
				CLANG_WARN_DIRECT_OBJC_ISA_USAGE = YES_ERROR;
				CLANG_WARN_DOCUMENTATION_COMMENTS = YES;
				CLANG_WARN_EMPTY_BODY = YES;
				CLANG_WARN_ENUM_CONVERSION = YES;
				CLANG_WARN_INFINITE_RECURSION = YES;
				CLANG_WARN_INT_CONVERSION = YES;
				CLANG_WARN_NON_LITERAL_NULL_CONVERSION = YES;
				CLANG_WARN_OBJC_IMPLICIT_RETAIN_SELF = YES;
				CLANG_WARN_OBJC_LITERAL_CONVERSION = YES;
				CLANG_WARN_OBJC_ROOT_CLASS = YES_ERROR;
				CLANG_WARN_QUOTED_INCLUDE_IN_FRAMEWORK_HEADER = YES;
				CLANG_WARN_RANGE_LOOP_ANALYSIS = YES;
				CLANG_WARN_STRICT_PROTOTYPES = YES;
				CLANG_WARN_SUSPICIOUS_MOVE = YES;
				CLANG_WARN_UNGUARDED_AVAILABILITY = YES_AGGRESSIVE;
				CLANG_WARN_UNREACHABLE_CODE = YES;
				CLANG_WARN__DUPLICATE_METHOD_MATCH = YES;
				COPY_PHASE_STRIP = NO;
				DEBUG_INFORMATION_FORMAT = "dwarf-with-dsym";
				ENABLE_NS_ASSERTIONS = NO;
				ENABLE_STRICT_OBJC_MSGSEND = YES;
				GCC_C_LANGUAGE_STANDARD = gnu11;
				GCC_NO_COMMON_BLOCKS = YES;
				GCC_WARN_64_TO_32_BIT_CONVERSION = YES;
				GCC_WARN_ABOUT_RETURN_TYPE = YES_ERROR;
				GCC_WARN_UNDECLARED_SELECTOR = YES;
				GCC_WARN_UNINITIALIZED_AUTOS = YES_AGGRESSIVE;
				GCC_WARN_UNUSED_FUNCTION = YES;
				GCC_WARN_UNUSED_VARIABLE = YES;
				IPHONEOS_DEPLOYMENT_TARGET = 14.5;
				MTL_ENABLE_DEBUG_INFO = NO;
				MTL_FAST_MATH = YES;
				SDKROOT = iphoneos;
				SWIFT_COMPILATION_MODE = wholemodule;
				SWIFT_OPTIMIZATION_LEVEL = "-O";
				VALIDATE_PRODUCT = YES;
			};
			name = Release;
		};
		D6EFEE6526D4553F0029ADDD /* Debug */ = {
			isa = XCBuildConfiguration;
			buildSettings = {
				ASSETCATALOG_COMPILER_APPICON_NAME = AppIcon;
				ASSETCATALOG_COMPILER_GLOBAL_ACCENT_COLOR_NAME = AccentColor;
				CODE_SIGN_STYLE = Automatic;
				DEVELOPMENT_TEAM = 298VLW9Z7C;
				INFOPLIST_FILE = "Tip Calculator/Info.plist";
				LD_RUNPATH_SEARCH_PATHS = (
					"$(inherited)",
					"@executable_path/Frameworks",
				);
				PRODUCT_BUNDLE_IDENTIFIER = "johnmistica.Tip-Calculator";
				PRODUCT_NAME = "$(TARGET_NAME)";
				SWIFT_VERSION = 5.0;
				TARGETED_DEVICE_FAMILY = "1,2";
			};
			name = Debug;
		};
		D6EFEE6626D4553F0029ADDD /* Release */ = {
			isa = XCBuildConfiguration;
			buildSettings = {
				ASSETCATALOG_COMPILER_APPICON_NAME = AppIcon;
				ASSETCATALOG_COMPILER_GLOBAL_ACCENT_COLOR_NAME = AccentColor;
				CODE_SIGN_STYLE = Automatic;
				DEVELOPMENT_TEAM = 298VLW9Z7C;
				INFOPLIST_FILE = "Tip Calculator/Info.plist";
				LD_RUNPATH_SEARCH_PATHS = (
					"$(inherited)",
					"@executable_path/Frameworks",
				);
				PRODUCT_BUNDLE_IDENTIFIER = "johnmistica.Tip-Calculator";
				PRODUCT_NAME = "$(TARGET_NAME)";
				SWIFT_VERSION = 5.0;
				TARGETED_DEVICE_FAMILY = "1,2";
			};
			name = Release;
		};
		D6EFEE6826D4553F0029ADDD /* Debug */ = {
			isa = XCBuildConfiguration;
			buildSettings = {
				ALWAYS_EMBED_SWIFT_STANDARD_LIBRARIES = YES;
				BUNDLE_LOADER = "$(TEST_HOST)";
				CODE_SIGN_STYLE = Automatic;
				DEVELOPMENT_TEAM = 298VLW9Z7C;
				INFOPLIST_FILE = "Tip CalculatorTests/Info.plist";
				IPHONEOS_DEPLOYMENT_TARGET = 14.5;
				LD_RUNPATH_SEARCH_PATHS = (
					"$(inherited)",
					"@executable_path/Frameworks",
					"@loader_path/Frameworks",
				);
				PRODUCT_BUNDLE_IDENTIFIER = "johnmistica.Tip-CalculatorTests";
				PRODUCT_NAME = "$(TARGET_NAME)";
				SWIFT_VERSION = 5.0;
				TARGETED_DEVICE_FAMILY = "1,2";
				TEST_HOST = "$(BUILT_PRODUCTS_DIR)/Tip Calculator.app/Tip Calculator";
			};
			name = Debug;
		};
		D6EFEE6926D4553F0029ADDD /* Release */ = {
			isa = XCBuildConfiguration;
			buildSettings = {
				ALWAYS_EMBED_SWIFT_STANDARD_LIBRARIES = YES;
				BUNDLE_LOADER = "$(TEST_HOST)";
				CODE_SIGN_STYLE = Automatic;
				DEVELOPMENT_TEAM = 298VLW9Z7C;
				INFOPLIST_FILE = "Tip CalculatorTests/Info.plist";
				IPHONEOS_DEPLOYMENT_TARGET = 14.5;
				LD_RUNPATH_SEARCH_PATHS = (
					"$(inherited)",
					"@executable_path/Frameworks",
					"@loader_path/Frameworks",
				);
				PRODUCT_BUNDLE_IDENTIFIER = "johnmistica.Tip-CalculatorTests";
				PRODUCT_NAME = "$(TARGET_NAME)";
				SWIFT_VERSION = 5.0;
				TARGETED_DEVICE_FAMILY = "1,2";
				TEST_HOST = "$(BUILT_PRODUCTS_DIR)/Tip Calculator.app/Tip Calculator";
			};
			name = Release;
		};
		D6EFEE6B26D4553F0029ADDD /* Debug */ = {
			isa = XCBuildConfiguration;
			buildSettings = {
				ALWAYS_EMBED_SWIFT_STANDARD_LIBRARIES = YES;
				CODE_SIGN_STYLE = Automatic;
				DEVELOPMENT_TEAM = 298VLW9Z7C;
				INFOPLIST_FILE = "Tip CalculatorUITests/Info.plist";
				LD_RUNPATH_SEARCH_PATHS = (
					"$(inherited)",
					"@executable_path/Frameworks",
					"@loader_path/Frameworks",
				);
				PRODUCT_BUNDLE_IDENTIFIER = "johnmistica.Tip-CalculatorUITests";
				PRODUCT_NAME = "$(TARGET_NAME)";
				SWIFT_VERSION = 5.0;
				TARGETED_DEVICE_FAMILY = "1,2";
				TEST_TARGET_NAME = "Tip Calculator";
			};
			name = Debug;
		};
		D6EFEE6C26D4553F0029ADDD /* Release */ = {
			isa = XCBuildConfiguration;
			buildSettings = {
				ALWAYS_EMBED_SWIFT_STANDARD_LIBRARIES = YES;
				CODE_SIGN_STYLE = Automatic;
				DEVELOPMENT_TEAM = 298VLW9Z7C;
				INFOPLIST_FILE = "Tip CalculatorUITests/Info.plist";
				LD_RUNPATH_SEARCH_PATHS = (
					"$(inherited)",
					"@executable_path/Frameworks",
					"@loader_path/Frameworks",
				);
				PRODUCT_BUNDLE_IDENTIFIER = "johnmistica.Tip-CalculatorUITests";
				PRODUCT_NAME = "$(TARGET_NAME)";
				SWIFT_VERSION = 5.0;
				TARGETED_DEVICE_FAMILY = "1,2";
				TEST_TARGET_NAME = "Tip Calculator";
			};
			name = Release;
		};
/* End XCBuildConfiguration section */

/* Begin XCConfigurationList section */
		D6EFEE3526D4553D0029ADDD /* Build configuration list for PBXProject "Tip Calculator" */ = {
			isa = XCConfigurationList;
			buildConfigurations = (
				D6EFEE6226D4553F0029ADDD /* Debug */,
				D6EFEE6326D4553F0029ADDD /* Release */,
			);
			defaultConfigurationIsVisible = 0;
			defaultConfigurationName = Release;
		};
		D6EFEE6426D4553F0029ADDD /* Build configuration list for PBXNativeTarget "Tip Calculator" */ = {
			isa = XCConfigurationList;
			buildConfigurations = (
				D6EFEE6526D4553F0029ADDD /* Debug */,
				D6EFEE6626D4553F0029ADDD /* Release */,
			);
			defaultConfigurationIsVisible = 0;
			defaultConfigurationName = Release;
		};
		D6EFEE6726D4553F0029ADDD /* Build configuration list for PBXNativeTarget "Tip CalculatorTests" */ = {
			isa = XCConfigurationList;
			buildConfigurations = (
				D6EFEE6826D4553F0029ADDD /* Debug */,
				D6EFEE6926D4553F0029ADDD /* Release */,
			);
			defaultConfigurationIsVisible = 0;
			defaultConfigurationName = Release;
		};
		D6EFEE6A26D4553F0029ADDD /* Build configuration list for PBXNativeTarget "Tip CalculatorUITests" */ = {
			isa = XCConfigurationList;
			buildConfigurations = (
				D6EFEE6B26D4553F0029ADDD /* Debug */,
				D6EFEE6C26D4553F0029ADDD /* Release */,
			);
			defaultConfigurationIsVisible = 0;
			defaultConfigurationName = Release;
		};
/* End XCConfigurationList section */
	};
	rootObject = D6EFEE3226D4553D0029ADDD /* Project object */;
}
